// !$*UTF8*$!
{
	archiveVersion = 1;
	classes = {
	};
	objectVersion = 46;
	objects = {

/* Begin PBXBuildFile section */
		3AE9B1EC19D27E3F00409801 /* Foundation.framework in Frameworks */ = {isa = PBXBuildFile; fileRef = 3AE9B1EB19D27E3F00409801 /* Foundation.framework */; };
		3AE9B1EE19D27E3F00409801 /* CoreGraphics.framework in Frameworks */ = {isa = PBXBuildFile; fileRef = 3AE9B1ED19D27E3F00409801 /* CoreGraphics.framework */; };
		3AE9B1F019D27E3F00409801 /* UIKit.framework in Frameworks */ = {isa = PBXBuildFile; fileRef = 3AE9B1EF19D27E3F00409801 /* UIKit.framework */; };
		3AE9B1F619D27E3F00409801 /* InfoPlist.strings in Resources */ = {isa = PBXBuildFile; fileRef = 3AE9B1F419D27E3F00409801 /* InfoPlist.strings */; };
		3AE9B1F819D27E3F00409801 /* main.m in Sources */ = {isa = PBXBuildFile; fileRef = 3AE9B1F719D27E3F00409801 /* main.m */; };
		3AE9B1FC19D27E3F00409801 /* BNRAppDelegate.m in Sources */ = {isa = PBXBuildFile; fileRef = 3AE9B1FB19D27E3F00409801 /* BNRAppDelegate.m */; };
		3AE9B1FE19D27E3F00409801 /* Images.xcassets in Resources */ = {isa = PBXBuildFile; fileRef = 3AE9B1FD19D27E3F00409801 /* Images.xcassets */; };
		3AE9B20519D27E3F00409801 /* XCTest.framework in Frameworks */ = {isa = PBXBuildFile; fileRef = 3AE9B20419D27E3F00409801 /* XCTest.framework */; };
		3AE9B20619D27E3F00409801 /* Foundation.framework in Frameworks */ = {isa = PBXBuildFile; fileRef = 3AE9B1EB19D27E3F00409801 /* Foundation.framework */; };
		3AE9B20719D27E3F00409801 /* UIKit.framework in Frameworks */ = {isa = PBXBuildFile; fileRef = 3AE9B1EF19D27E3F00409801 /* UIKit.framework */; };
		3AE9B20F19D27E3F00409801 /* InfoPlist.strings in Resources */ = {isa = PBXBuildFile; fileRef = 3AE9B20D19D27E3F00409801 /* InfoPlist.strings */; };
		3AE9B21119D27E3F00409801 /* TouchTrackerTests.m in Sources */ = {isa = PBXBuildFile; fileRef = 3AE9B21019D27E3F00409801 /* TouchTrackerTests.m */; };
		3AE9B21C19D27E5E00409801 /* BNRLine.m in Sources */ = {isa = PBXBuildFile; fileRef = 3AE9B21B19D27E5E00409801 /* BNRLine.m */; };
		3AE9B21F19D27E9D00409801 /* BNRDrawView.m in Sources */ = {isa = PBXBuildFile; fileRef = 3AE9B21E19D27E9D00409801 /* BNRDrawView.m */; };
		3AE9B22219D27ECA00409801 /* BNRDrawViewController.m in Sources */ = {isa = PBXBuildFile; fileRef = 3AE9B22119D27ECA00409801 /* BNRDrawViewController.m */; };
/* End PBXBuildFile section */

/* Begin PBXContainerItemProxy section */
		3AE9B20819D27E3F00409801 /* PBXContainerItemProxy */ = {
			isa = PBXContainerItemProxy;
			containerPortal = 3AE9B1E019D27E3F00409801 /* Project object */;
			proxyType = 1;
			remoteGlobalIDString = 3AE9B1E719D27E3F00409801;
			remoteInfo = TouchTracker;
		};
/* End PBXContainerItemProxy section */

/* Begin PBXFileReference section */
		3AE9B1E819D27E3F00409801 /* TouchTracker.app */ = {isa = PBXFileReference; explicitFileType = wrapper.application; includeInIndex = 0; path = TouchTracker.app; sourceTree = BUILT_PRODUCTS_DIR; };
		3AE9B1EB19D27E3F00409801 /* Foundation.framework */ = {isa = PBXFileReference; lastKnownFileType = wrapper.framework; name = Foundation.framework; path = System/Library/Frameworks/Foundation.framework; sourceTree = SDKROOT; };
		3AE9B1ED19D27E3F00409801 /* CoreGraphics.framework */ = {isa = PBXFileReference; lastKnownFileType = wrapper.framework; name = CoreGraphics.framework; path = System/Library/Frameworks/CoreGraphics.framework; sourceTree = SDKROOT; };
		3AE9B1EF19D27E3F00409801 /* UIKit.framework */ = {isa = PBXFileReference; lastKnownFileType = wrapper.framework; name = UIKit.framework; path = System/Library/Frameworks/UIKit.framework; sourceTree = SDKROOT; };
		3AE9B1F319D27E3F00409801 /* TouchTracker-Info.plist */ = {isa = PBXFileReference; lastKnownFileType = text.plist.xml; path = "TouchTracker-Info.plist"; sourceTree = "<group>"; };
		3AE9B1F519D27E3F00409801 /* en */ = {isa = PBXFileReference; lastKnownFileType = text.plist.strings; name = en; path = en.lproj/InfoPlist.strings; sourceTree = "<group>"; };
		3AE9B1F719D27E3F00409801 /* main.m */ = {isa = PBXFileReference; lastKnownFileType = sourcecode.c.objc; path = main.m; sourceTree = "<group>"; };
		3AE9B1F919D27E3F00409801 /* TouchTracker-Prefix.pch */ = {isa = PBXFileReference; lastKnownFileType = sourcecode.c.h; path = "TouchTracker-Prefix.pch"; sourceTree = "<group>"; };
		3AE9B1FA19D27E3F00409801 /* BNRAppDelegate.h */ = {isa = PBXFileReference; lastKnownFileType = sourcecode.c.h; path = BNRAppDelegate.h; sourceTree = "<group>"; };
		3AE9B1FB19D27E3F00409801 /* BNRAppDelegate.m */ = {isa = PBXFileReference; lastKnownFileType = sourcecode.c.objc; path = BNRAppDelegate.m; sourceTree = "<group>"; };
		3AE9B1FD19D27E3F00409801 /* Images.xcassets */ = {isa = PBXFileReference; lastKnownFileType = folder.assetcatalog; path = Images.xcassets; sourceTree = "<group>"; };
		3AE9B20319D27E3F00409801 /* TouchTrackerTests.xctest */ = {isa = PBXFileReference; explicitFileType = wrapper.cfbundle; includeInIndex = 0; path = TouchTrackerTests.xctest; sourceTree = BUILT_PRODUCTS_DIR; };
		3AE9B20419D27E3F00409801 /* XCTest.framework */ = {isa = PBXFileReference; lastKnownFileType = wrapper.framework; name = XCTest.framework; path = Library/Frameworks/XCTest.framework; sourceTree = DEVELOPER_DIR; };
		3AE9B20C19D27E3F00409801 /* TouchTrackerTests-Info.plist */ = {isa = PBXFileReference; lastKnownFileType = text.plist.xml; path = "TouchTrackerTests-Info.plist"; sourceTree = "<group>"; };
		3AE9B20E19D27E3F00409801 /* en */ = {isa = PBXFileReference; lastKnownFileType = text.plist.strings; name = en; path = en.lproj/InfoPlist.strings; sourceTree = "<group>"; };
		3AE9B21019D27E3F00409801 /* TouchTrackerTests.m */ = {isa = PBXFileReference; lastKnownFileType = sourcecode.c.objc; path = TouchTrackerTests.m; sourceTree = "<group>"; };
		3AE9B21A19D27E5E00409801 /* BNRLine.h */ = {isa = PBXFileReference; fileEncoding = 4; lastKnownFileType = sourcecode.c.h; path = BNRLine.h; sourceTree = "<group>"; };
		3AE9B21B19D27E5E00409801 /* BNRLine.m */ = {isa = PBXFileReference; fileEncoding = 4; lastKnownFileType = sourcecode.c.objc; path = BNRLine.m; sourceTree = "<group>"; };
		3AE9B21D19D27E9D00409801 /* BNRDrawView.h */ = {isa = PBXFileReference; fileEncoding = 4; lastKnownFileType = sourcecode.c.h; path = BNRDrawView.h; sourceTree = "<group>"; };
		3AE9B21E19D27E9D00409801 /* BNRDrawView.m */ = {isa = PBXFileReference; fileEncoding = 4; lastKnownFileType = sourcecode.c.objc; path = BNRDrawView.m; sourceTree = "<group>"; };
		3AE9B22019D27ECA00409801 /* BNRDrawViewController.h */ = {isa = PBXFileReference; fileEncoding = 4; lastKnownFileType = sourcecode.c.h; path = BNRDrawViewController.h; sourceTree = "<group>"; };
		3AE9B22119D27ECA00409801 /* BNRDrawViewController.m */ = {isa = PBXFileReference; fileEncoding = 4; lastKnownFileType = sourcecode.c.objc; path = BNRDrawViewController.m; sourceTree = "<group>"; };
/* End PBXFileReference section */

/* Begin PBXFrameworksBuildPhase section */
		3AE9B1E519D27E3F00409801 /* Frameworks */ = {
			isa = PBXFrameworksBuildPhase;
			buildActionMask = 2147483647;
			files = (
				3AE9B1EE19D27E3F00409801 /* CoreGraphics.framework in Frameworks */,
				3AE9B1F019D27E3F00409801 /* UIKit.framework in Frameworks */,
				3AE9B1EC19D27E3F00409801 /* Foundation.framework in Frameworks */,
			);
			runOnlyForDeploymentPostprocessing = 0;
		};
		3AE9B20019D27E3F00409801 /* Frameworks */ = {
			isa = PBXFrameworksBuildPhase;
			buildActionMask = 2147483647;
			files = (
				3AE9B20519D27E3F00409801 /* XCTest.framework in Frameworks */,
				3AE9B20719D27E3F00409801 /* UIKit.framework in Frameworks */,
				3AE9B20619D27E3F00409801 /* Foundation.framework in Frameworks */,
			);
			runOnlyForDeploymentPostprocessing = 0;
		};
/* End PBXFrameworksBuildPhase section */

/* Begin PBXGroup section */
		3AE9B1DF19D27E3F00409801 = {
			isa = PBXGroup;
			children = (
				3AE9B22019D27ECA00409801 /* BNRDrawViewController.h */,
				3AE9B22119D27ECA00409801 /* BNRDrawViewController.m */,
				3AE9B21D19D27E9D00409801 /* BNRDrawView.h */,
				3AE9B21E19D27E9D00409801 /* BNRDrawView.m */,
				3AE9B21A19D27E5E00409801 /* BNRLine.h */,
				3AE9B21B19D27E5E00409801 /* BNRLine.m */,
				3AE9B1F119D27E3F00409801 /* TouchTracker */,
				3AE9B20A19D27E3F00409801 /* TouchTrackerTests */,
				3AE9B1EA19D27E3F00409801 /* Frameworks */,
				3AE9B1E919D27E3F00409801 /* Products */,
			);
			sourceTree = "<group>";
		};
		3AE9B1E919D27E3F00409801 /* Products */ = {
			isa = PBXGroup;
			children = (
				3AE9B1E819D27E3F00409801 /* TouchTracker.app */,
				3AE9B20319D27E3F00409801 /* TouchTrackerTests.xctest */,
			);
			name = Products;
			sourceTree = "<group>";
		};
		3AE9B1EA19D27E3F00409801 /* Frameworks */ = {
			isa = PBXGroup;
			children = (
				3AE9B1EB19D27E3F00409801 /* Foundation.framework */,
				3AE9B1ED19D27E3F00409801 /* CoreGraphics.framework */,
				3AE9B1EF19D27E3F00409801 /* UIKit.framework */,
				3AE9B20419D27E3F00409801 /* XCTest.framework */,
			);
			name = Frameworks;
			sourceTree = "<group>";
		};
		3AE9B1F119D27E3F00409801 /* TouchTracker */ = {
			isa = PBXGroup;
			children = (
				3AE9B1FA19D27E3F00409801 /* BNRAppDelegate.h */,
				3AE9B1FB19D27E3F00409801 /* BNRAppDelegate.m */,
				3AE9B1FD19D27E3F00409801 /* Images.xcassets */,
				3AE9B1F219D27E3F00409801 /* Supporting Files */,
			);
			path = TouchTracker;
			sourceTree = "<group>";
		};
		3AE9B1F219D27E3F00409801 /* Supporting Files */ = {
			isa = PBXGroup;
			children = (
				3AE9B1F319D27E3F00409801 /* TouchTracker-Info.plist */,
				3AE9B1F419D27E3F00409801 /* InfoPlist.strings */,
				3AE9B1F719D27E3F00409801 /* main.m */,
				3AE9B1F919D27E3F00409801 /* TouchTracker-Prefix.pch */,
			);
			name = "Supporting Files";
			sourceTree = "<group>";
		};
		3AE9B20A19D27E3F00409801 /* TouchTrackerTests */ = {
			isa = PBXGroup;
			children = (
				3AE9B21019D27E3F00409801 /* TouchTrackerTests.m */,
				3AE9B20B19D27E3F00409801 /* Supporting Files */,
			);
			path = TouchTrackerTests;
			sourceTree = "<group>";
		};
		3AE9B20B19D27E3F00409801 /* Supporting Files */ = {
			isa = PBXGroup;
			children = (
				3AE9B20C19D27E3F00409801 /* TouchTrackerTests-Info.plist */,
				3AE9B20D19D27E3F00409801 /* InfoPlist.strings */,
			);
			name = "Supporting Files";
			sourceTree = "<group>";
		};
/* End PBXGroup section */

/* Begin PBXNativeTarget section */
		3AE9B1E719D27E3F00409801 /* TouchTracker */ = {
			isa = PBXNativeTarget;
			buildConfigurationList = 3AE9B21419D27E3F00409801 /* Build configuration list for PBXNativeTarget "TouchTracker" */;
			buildPhases = (
				3AE9B1E419D27E3F00409801 /* Sources */,
				3AE9B1E519D27E3F00409801 /* Frameworks */,
				3AE9B1E619D27E3F00409801 /* Resources */,
			);
			buildRules = (
			);
			dependencies = (
			);
			name = TouchTracker;
			productName = TouchTracker;
			productReference = 3AE9B1E819D27E3F00409801 /* TouchTracker.app */;
			productType = "com.apple.product-type.application";
		};
		3AE9B20219D27E3F00409801 /* TouchTrackerTests */ = {
			isa = PBXNativeTarget;
			buildConfigurationList = 3AE9B21719D27E3F00409801 /* Build configuration list for PBXNativeTarget "TouchTrackerTests" */;
			buildPhases = (
				3AE9B1FF19D27E3F00409801 /* Sources */,
				3AE9B20019D27E3F00409801 /* Frameworks */,
				3AE9B20119D27E3F00409801 /* Resources */,
			);
			buildRules = (
			);
			dependencies = (
				3AE9B20919D27E3F00409801 /* PBXTargetDependency */,
			);
			name = TouchTrackerTests;
			productName = TouchTrackerTests;
			productReference = 3AE9B20319D27E3F00409801 /* TouchTrackerTests.xctest */;
			productType = "com.apple.product-type.bundle.unit-test";
		};
/* End PBXNativeTarget section */

/* Begin PBXProject section */
		3AE9B1E019D27E3F00409801 /* Project object */ = {
			isa = PBXProject;
			attributes = {
				CLASSPREFIX = BNR;
				LastUpgradeCheck = 0510;
				ORGANIZATIONNAME = "Klab Cyscorpions";
				TargetAttributes = {
					3AE9B20219D27E3F00409801 = {
						TestTargetID = 3AE9B1E719D27E3F00409801;
					};
				};
			};
			buildConfigurationList = 3AE9B1E319D27E3F00409801 /* Build configuration list for PBXProject "TouchTracker" */;
			compatibilityVersion = "Xcode 3.2";
			developmentRegion = English;
			hasScannedForEncodings = 0;
			knownRegions = (
				en,
			);
			mainGroup = 3AE9B1DF19D27E3F00409801;
			productRefGroup = 3AE9B1E919D27E3F00409801 /* Products */;
			projectDirPath = "";
			projectRoot = "";
			targets = (
				3AE9B1E719D27E3F00409801 /* TouchTracker */,
				3AE9B20219D27E3F00409801 /* TouchTrackerTests */,
			);
		};
/* End PBXProject section */

/* Begin PBXResourcesBuildPhase section */
		3AE9B1E619D27E3F00409801 /* Resources */ = {
			isa = PBXResourcesBuildPhase;
			buildActionMask = 2147483647;
			files = (
				3AE9B1F619D27E3F00409801 /* InfoPlist.strings in Resources */,
				3AE9B1FE19D27E3F00409801 /* Images.xcassets in Resources */,
			);
			runOnlyForDeploymentPostprocessing = 0;
		};
		3AE9B20119D27E3F00409801 /* Resources */ = {
			isa = PBXResourcesBuildPhase;
			buildActionMask = 2147483647;
			files = (
				3AE9B20F19D27E3F00409801 /* InfoPlist.strings in Resources */,
			);
			runOnlyForDeploymentPostprocessing = 0;
		};
/* End PBXResourcesBuildPhase section */

/* Begin PBXSourcesBuildPhase section */
		3AE9B1E419D27E3F00409801 /* Sources */ = {
			isa = PBXSourcesBuildPhase;
			buildActionMask = 2147483647;
			files = (
				3AE9B1F819D27E3F00409801 /* main.m in Sources */,
				3AE9B22219D27ECA00409801 /* BNRDrawViewController.m in Sources */,
				3AE9B21C19D27E5E00409801 /* BNRLine.m in Sources */,
				3AE9B1FC19D27E3F00409801 /* BNRAppDelegate.m in Sources */,
				3AE9B21F19D27E9D00409801 /* BNRDrawView.m in Sources */,
			);
			runOnlyForDeploymentPostprocessing = 0;
		};
		3AE9B1FF19D27E3F00409801 /* Sources */ = {
			isa = PBXSourcesBuildPhase;
			buildActionMask = 2147483647;
			files = (
				3AE9B21119D27E3F00409801 /* TouchTrackerTests.m in Sources */,
			);
			runOnlyForDeploymentPostprocessing = 0;
		};
/* End PBXSourcesBuildPhase section */

/* Begin PBXTargetDependency section */
		3AE9B20919D27E3F00409801 /* PBXTargetDependency */ = {
			isa = PBXTargetDependency;
			target = 3AE9B1E719D27E3F00409801 /* TouchTracker */;
			targetProxy = 3AE9B20819D27E3F00409801 /* PBXContainerItemProxy */;
		};
/* End PBXTargetDependency section */

/* Begin PBXVariantGroup section */
		3AE9B1F419D27E3F00409801 /* InfoPlist.strings */ = {
			isa = PBXVariantGroup;
			children = (
				3AE9B1F519D27E3F00409801 /* en */,
			);
			name = InfoPlist.strings;
			sourceTree = "<group>";
		};
		3AE9B20D19D27E3F00409801 /* InfoPlist.strings */ = {
			isa = PBXVariantGroup;
			children = (
				3AE9B20E19D27E3F00409801 /* en */,
			);
			name = InfoPlist.strings;
			sourceTree = "<group>";
		};
/* End PBXVariantGroup section */

/* Begin XCBuildConfiguration section */
		3AE9B21219D27E3F00409801 /* Debug */ = {
			isa = XCBuildConfiguration;
			buildSettings = {
				ALWAYS_SEARCH_USER_PATHS = NO;
				CLANG_CXX_LANGUAGE_STANDARD = "gnu++0x";
				CLANG_CXX_LIBRARY = "libc++";
				CLANG_ENABLE_MODULES = YES;
				CLANG_ENABLE_OBJC_ARC = YES;
				CLANG_WARN_BOOL_CONVERSION = YES;
				CLANG_WARN_CONSTANT_CONVERSION = YES;
				CLANG_WARN_DIRECT_OBJC_ISA_USAGE = YES_ERROR;
				CLANG_WARN_EMPTY_BODY = YES;
				CLANG_WARN_ENUM_CONVERSION = YES;
				CLANG_WARN_INT_CONVERSION = YES;
				CLANG_WARN_OBJC_ROOT_CLASS = YES_ERROR;
				CLANG_WARN__DUPLICATE_METHOD_MATCH = YES;
				"CODE_SIGN_IDENTITY[sdk=iphoneos*]" = "iPhone Developer";
				COPY_PHASE_STRIP = NO;
				GCC_C_LANGUAGE_STANDARD = gnu99;
				GCC_DYNAMIC_NO_PIC = NO;
				GCC_OPTIMIZATION_LEVEL = 0;
				GCC_PREPROCESSOR_DEFINITIONS = (
					"DEBUG=1",
					"$(inherited)",
				);
				GCC_SYMBOLS_PRIVATE_EXTERN = NO;
				GCC_WARN_64_TO_32_BIT_CONVERSION = YES;
				GCC_WARN_ABOUT_RETURN_TYPE = YES_ERROR;
				GCC_WARN_UNDECLARED_SELECTOR = YES;
				GCC_WARN_UNINITIALIZED_AUTOS = YES_AGGRESSIVE;
				GCC_WARN_UNUSED_FUNCTION = YES;
				GCC_WARN_UNUSED_VARIABLE = YES;
				IPHONEOS_DEPLOYMENT_TARGET = 7.1;
				ONLY_ACTIVE_ARCH = YES;
				SDKROOT = iphoneos;
			};
			name = Debug;
		};
		3AE9B21319D27E3F00409801 /* Release */ = {
			isa = XCBuildConfiguration;
			buildSettings = {
				ALWAYS_SEARCH_USER_PATHS = NO;
				CLANG_CXX_LANGUAGE_STANDARD = "gnu++0x";
				CLANG_CXX_LIBRARY = "libc++";
				CLANG_ENABLE_MODULES = YES;
				CLANG_ENABLE_OBJC_ARC = YES;
				CLANG_WARN_BOOL_CONVERSION = YES;
				CLANG_WARN_CONSTANT_CONVERSION = YES;
				CLANG_WARN_DIRECT_OBJC_ISA_USAGE = YES_ERROR;
				CLANG_WARN_EMPTY_BODY = YES;
				CLANG_WARN_ENUM_CONVERSION = YES;
				CLANG_WARN_INT_CONVERSION = YES;
				CLANG_WARN_OBJC_ROOT_CLASS = YES_ERROR;
				CLANG_WARN__DUPLICATE_METHOD_MATCH = YES;
				"CODE_SIGN_IDENTITY[sdk=iphoneos*]" = "iPhone Developer";
				COPY_PHASE_STRIP = YES;
				ENABLE_NS_ASSERTIONS = NO;
				GCC_C_LANGUAGE_STANDARD = gnu99;
				GCC_WARN_64_TO_32_BIT_CONVERSION = YES;
				GCC_WARN_ABOUT_RETURN_TYPE = YES_ERROR;
				GCC_WARN_UNDECLARED_SELECTOR = YES;
				GCC_WARN_UNINITIALIZED_AUTOS = YES_AGGRESSIVE;
				GCC_WARN_UNUSED_FUNCTION = YES;
				GCC_WARN_UNUSED_VARIABLE = YES;
				IPHONEOS_DEPLOYMENT_TARGET = 7.1;
				SDKROOT = iphoneos;
				VALIDATE_PRODUCT = YES;
			};
			name = Release;
		};
		3AE9B21519D27E3F00409801 /* Debug */ = {
			isa = XCBuildConfiguration;
			buildSettings = {
				ASSETCATALOG_COMPILER_APPICON_NAME = AppIcon;
				ASSETCATALOG_COMPILER_LAUNCHIMAGE_NAME = LaunchImage;
				GCC_PRECOMPILE_PREFIX_HEADER = YES;
				GCC_PREFIX_HEADER = "TouchTracker/TouchTracker-Prefix.pch";
				GCC_PREPROCESSOR_DEFINITIONS = (
					"DEBUG=1",
					"$(inherited)",
					VIEW_DEBUG,
				);
				INFOPLIST_FILE = "TouchTracker/TouchTracker-Info.plist";
				PRODUCT_NAME = "$(TARGET_NAME)";
				WRAPPER_EXTENSION = app;
			};
			name = Debug;
		};
		3AE9B21619D27E3F00409801 /* Release */ = {
			isa = XCBuildConfiguration;
			buildSettings = {
				ASSETCATALOG_COMPILER_APPICON_NAME = AppIcon;
				ASSETCATALOG_COMPILER_LAUNCHIMAGE_NAME = LaunchImage;
				GCC_PRECOMPILE_PREFIX_HEADER = YES;
				GCC_PREFIX_HEADER = "TouchTracker/TouchTracker-Prefix.pch";
				INFOPLIST_FILE = "TouchTracker/TouchTracker-Info.plist";
				PRODUCT_NAME = "$(TARGET_NAME)";
				WRAPPER_EXTENSION = app;
			};
			name = Release;
		};
		3AE9B21819D27E3F00409801 /* Debug */ = {
			isa = XCBuildConfiguration;
			buildSettings = {
				BUNDLE_LOADER = "$(BUILT_PRODUCTS_DIR)/TouchTracker.app/TouchTracker";
				FRAMEWORK_SEARCH_PATHS = (
					"$(SDKROOT)/Developer/Library/Frameworks",
					"$(inherited)",
					"$(DEVELOPER_FRAMEWORKS_DIR)",
				);
				GCC_PRECOMPILE_PREFIX_HEADER = YES;
				GCC_PREFIX_HEADER = "TouchTracker/TouchTracker-Prefix.pch";
				GCC_PREPROCESSOR_DEFINITIONS = (
					"DEBUG=1",
					"$(inherited)",
				);
				INFOPLIST_FILE = "TouchTrackerTests/TouchTrackerTests-Info.plist";
				PRODUCT_NAME = "$(TARGET_NAME)";
				TEST_HOST = "$(BUNDLE_LOADER)";
				WRAPPER_EXTENSION = xctest;
			};
			name = Debug;
		};
		3AE9B21919D27E3F00409801 /* Release */ = {
			isa = XCBuildConfiguration;
			buildSettings = {
				BUNDLE_LOADER = "$(BUILT_PRODUCTS_DIR)/TouchTracker.app/TouchTracker";
				FRAMEWORK_SEARCH_PATHS = (
					"$(SDKROOT)/Developer/Library/Frameworks",
					"$(inherited)",
					"$(DEVELOPER_FRAMEWORKS_DIR)",
				);
				GCC_PRECOMPILE_PREFIX_HEADER = YES;
				GCC_PREFIX_HEADER = "TouchTracker/TouchTracker-Prefix.pch";
				INFOPLIST_FILE = "TouchTrackerTests/TouchTrackerTests-Info.plist";
				PRODUCT_NAME = "$(TARGET_NAME)";
				TEST_HOST = "$(BUNDLE_LOADER)";
				WRAPPER_EXTENSION = xctest;
			};
			name = Release;
		};
/* End XCBuildConfiguration section */

/* Begin XCConfigurationList section */
		3AE9B1E319D27E3F00409801 /* Build configuration list for PBXProject "TouchTracker" */ = {
			isa = XCConfigurationList;
			buildConfigurations = (
				3AE9B21219D27E3F00409801 /* Debug */,
				3AE9B21319D27E3F00409801 /* Release */,
			);
			defaultConfigurationIsVisible = 0;
			defaultConfigurationName = Release;
		};
		3AE9B21419D27E3F00409801 /* Build configuration list for PBXNativeTarget "TouchTracker" */ = {
			isa = XCConfigurationList;
			buildConfigurations = (
				3AE9B21519D27E3F00409801 /* Debug */,
				3AE9B21619D27E3F00409801 /* Release */,
			);
			defaultConfigurationIsVisible = 0;
			defaultConfigurationName = Release;
		};
		3AE9B21719D27E3F00409801 /* Build configuration list for PBXNativeTarget "TouchTrackerTests" */ = {
			isa = XCConfigurationList;
			buildConfigurations = (
				3AE9B21819D27E3F00409801 /* Debug */,
				3AE9B21919D27E3F00409801 /* Release */,
			);
			defaultConfigurationIsVisible = 0;
			defaultConfigurationName = Release;
		};
/* End XCConfigurationList section */
	};
	rootObject = 3AE9B1E019D27E3F00409801 /* Project object */;
}
