// !$*UTF8*$!
{
	archiveVersion = 1;
	classes = {
	};
	objectVersion = 46;
	objects = {

/* Begin PBXBuildFile section */
		3ABB67C019E681BB006026D0 /* Foundation.framework in Frameworks */ = {isa = PBXBuildFile; fileRef = 3ABB67BF19E681BB006026D0 /* Foundation.framework */; };
		3ABB67C219E681BB006026D0 /* CoreGraphics.framework in Frameworks */ = {isa = PBXBuildFile; fileRef = 3ABB67C119E681BB006026D0 /* CoreGraphics.framework */; };
		3ABB67C419E681BB006026D0 /* UIKit.framework in Frameworks */ = {isa = PBXBuildFile; fileRef = 3ABB67C319E681BB006026D0 /* UIKit.framework */; };
		3ABB67CA19E681BB006026D0 /* InfoPlist.strings in Resources */ = {isa = PBXBuildFile; fileRef = 3ABB67C819E681BB006026D0 /* InfoPlist.strings */; };
		3ABB67CC19E681BB006026D0 /* main.m in Sources */ = {isa = PBXBuildFile; fileRef = 3ABB67CB19E681BB006026D0 /* main.m */; };
		3ABB67D019E681BB006026D0 /* AppDelegate.m in Sources */ = {isa = PBXBuildFile; fileRef = 3ABB67CF19E681BB006026D0 /* AppDelegate.m */; };
		3ABB67D219E681BB006026D0 /* Images.xcassets in Resources */ = {isa = PBXBuildFile; fileRef = 3ABB67D119E681BB006026D0 /* Images.xcassets */; };
		3ABB67D919E681BB006026D0 /* XCTest.framework in Frameworks */ = {isa = PBXBuildFile; fileRef = 3ABB67D819E681BB006026D0 /* XCTest.framework */; };
		3ABB67DA19E681BB006026D0 /* Foundation.framework in Frameworks */ = {isa = PBXBuildFile; fileRef = 3ABB67BF19E681BB006026D0 /* Foundation.framework */; };
		3ABB67DB19E681BB006026D0 /* UIKit.framework in Frameworks */ = {isa = PBXBuildFile; fileRef = 3ABB67C319E681BB006026D0 /* UIKit.framework */; };
		3ABB67E319E681BB006026D0 /* InfoPlist.strings in Resources */ = {isa = PBXBuildFile; fileRef = 3ABB67E119E681BB006026D0 /* InfoPlist.strings */; };
		3ABB67E519E681BB006026D0 /* UIElementsTests.m in Sources */ = {isa = PBXBuildFile; fileRef = 3ABB67E419E681BB006026D0 /* UIElementsTests.m */; };
/* End PBXBuildFile section */

/* Begin PBXContainerItemProxy section */
		3ABB67DC19E681BB006026D0 /* PBXContainerItemProxy */ = {
			isa = PBXContainerItemProxy;
			containerPortal = 3ABB67B419E681BB006026D0 /* Project object */;
			proxyType = 1;
			remoteGlobalIDString = 3ABB67BB19E681BB006026D0;
			remoteInfo = UIElements;
		};
/* End PBXContainerItemProxy section */

/* Begin PBXFileReference section */
		3ABB67BC19E681BB006026D0 /* UIElements.app */ = {isa = PBXFileReference; explicitFileType = wrapper.application; includeInIndex = 0; path = UIElements.app; sourceTree = BUILT_PRODUCTS_DIR; };
		3ABB67BF19E681BB006026D0 /* Foundation.framework */ = {isa = PBXFileReference; lastKnownFileType = wrapper.framework; name = Foundation.framework; path = System/Library/Frameworks/Foundation.framework; sourceTree = SDKROOT; };
		3ABB67C119E681BB006026D0 /* CoreGraphics.framework */ = {isa = PBXFileReference; lastKnownFileType = wrapper.framework; name = CoreGraphics.framework; path = System/Library/Frameworks/CoreGraphics.framework; sourceTree = SDKROOT; };
		3ABB67C319E681BB006026D0 /* UIKit.framework */ = {isa = PBXFileReference; lastKnownFileType = wrapper.framework; name = UIKit.framework; path = System/Library/Frameworks/UIKit.framework; sourceTree = SDKROOT; };
		3ABB67C719E681BB006026D0 /* UIElements-Info.plist */ = {isa = PBXFileReference; lastKnownFileType = text.plist.xml; path = "UIElements-Info.plist"; sourceTree = "<group>"; };
		3ABB67C919E681BB006026D0 /* en */ = {isa = PBXFileReference; lastKnownFileType = text.plist.strings; name = en; path = en.lproj/InfoPlist.strings; sourceTree = "<group>"; };
		3ABB67CB19E681BB006026D0 /* main.m */ = {isa = PBXFileReference; lastKnownFileType = sourcecode.c.objc; path = main.m; sourceTree = "<group>"; };
		3ABB67CD19E681BB006026D0 /* UIElements-Prefix.pch */ = {isa = PBXFileReference; lastKnownFileType = sourcecode.c.h; path = "UIElements-Prefix.pch"; sourceTree = "<group>"; };
		3ABB67CE19E681BB006026D0 /* AppDelegate.h */ = {isa = PBXFileReference; lastKnownFileType = sourcecode.c.h; path = AppDelegate.h; sourceTree = "<group>"; };
		3ABB67CF19E681BB006026D0 /* AppDelegate.m */ = {isa = PBXFileReference; lastKnownFileType = sourcecode.c.objc; path = AppDelegate.m; sourceTree = "<group>"; };
		3ABB67D119E681BB006026D0 /* Images.xcassets */ = {isa = PBXFileReference; lastKnownFileType = folder.assetcatalog; path = Images.xcassets; sourceTree = "<group>"; };
		3ABB67D719E681BB006026D0 /* UIElementsTests.xctest */ = {isa = PBXFileReference; explicitFileType = wrapper.cfbundle; includeInIndex = 0; path = UIElementsTests.xctest; sourceTree = BUILT_PRODUCTS_DIR; };
		3ABB67D819E681BB006026D0 /* XCTest.framework */ = {isa = PBXFileReference; lastKnownFileType = wrapper.framework; name = XCTest.framework; path = Library/Frameworks/XCTest.framework; sourceTree = DEVELOPER_DIR; };
		3ABB67E019E681BB006026D0 /* UIElementsTests-Info.plist */ = {isa = PBXFileReference; lastKnownFileType = text.plist.xml; path = "UIElementsTests-Info.plist"; sourceTree = "<group>"; };
		3ABB67E219E681BB006026D0 /* en */ = {isa = PBXFileReference; lastKnownFileType = text.plist.strings; name = en; path = en.lproj/InfoPlist.strings; sourceTree = "<group>"; };
		3ABB67E419E681BB006026D0 /* UIElementsTests.m */ = {isa = PBXFileReference; lastKnownFileType = sourcecode.c.objc; path = UIElementsTests.m; sourceTree = "<group>"; };
/* End PBXFileReference section */

/* Begin PBXFrameworksBuildPhase section */
		3ABB67B919E681BB006026D0 /* Frameworks */ = {
			isa = PBXFrameworksBuildPhase;
			buildActionMask = 2147483647;
			files = (
				3ABB67C219E681BB006026D0 /* CoreGraphics.framework in Frameworks */,
				3ABB67C419E681BB006026D0 /* UIKit.framework in Frameworks */,
				3ABB67C019E681BB006026D0 /* Foundation.framework in Frameworks */,
			);
			runOnlyForDeploymentPostprocessing = 0;
		};
		3ABB67D419E681BB006026D0 /* Frameworks */ = {
			isa = PBXFrameworksBuildPhase;
			buildActionMask = 2147483647;
			files = (
				3ABB67D919E681BB006026D0 /* XCTest.framework in Frameworks */,
				3ABB67DB19E681BB006026D0 /* UIKit.framework in Frameworks */,
				3ABB67DA19E681BB006026D0 /* Foundation.framework in Frameworks */,
			);
			runOnlyForDeploymentPostprocessing = 0;
		};
/* End PBXFrameworksBuildPhase section */

/* Begin PBXGroup section */
		3ABB67B319E681BB006026D0 = {
			isa = PBXGroup;
			children = (
				3ABB67C519E681BB006026D0 /* UIElements */,
				3ABB67DE19E681BB006026D0 /* UIElementsTests */,
				3ABB67BE19E681BB006026D0 /* Frameworks */,
				3ABB67BD19E681BB006026D0 /* Products */,
			);
			sourceTree = "<group>";
		};
		3ABB67BD19E681BB006026D0 /* Products */ = {
			isa = PBXGroup;
			children = (
				3ABB67BC19E681BB006026D0 /* UIElements.app */,
				3ABB67D719E681BB006026D0 /* UIElementsTests.xctest */,
			);
			name = Products;
			sourceTree = "<group>";
		};
		3ABB67BE19E681BB006026D0 /* Frameworks */ = {
			isa = PBXGroup;
			children = (
				3ABB67BF19E681BB006026D0 /* Foundation.framework */,
				3ABB67C119E681BB006026D0 /* CoreGraphics.framework */,
				3ABB67C319E681BB006026D0 /* UIKit.framework */,
				3ABB67D819E681BB006026D0 /* XCTest.framework */,
			);
			name = Frameworks;
			sourceTree = "<group>";
		};
		3ABB67C519E681BB006026D0 /* UIElements */ = {
			isa = PBXGroup;
			children = (
				3ABB67CE19E681BB006026D0 /* AppDelegate.h */,
				3ABB67CF19E681BB006026D0 /* AppDelegate.m */,
				3ABB67D119E681BB006026D0 /* Images.xcassets */,
				3ABB67C619E681BB006026D0 /* Supporting Files */,
			);
			path = UIElements;
			sourceTree = "<group>";
		};
		3ABB67C619E681BB006026D0 /* Supporting Files */ = {
			isa = PBXGroup;
			children = (
				3ABB67C719E681BB006026D0 /* UIElements-Info.plist */,
				3ABB67C819E681BB006026D0 /* InfoPlist.strings */,
				3ABB67CB19E681BB006026D0 /* main.m */,
				3ABB67CD19E681BB006026D0 /* UIElements-Prefix.pch */,
			);
			name = "Supporting Files";
			sourceTree = "<group>";
		};
		3ABB67DE19E681BB006026D0 /* UIElementsTests */ = {
			isa = PBXGroup;
			children = (
				3ABB67E419E681BB006026D0 /* UIElementsTests.m */,
				3ABB67DF19E681BB006026D0 /* Supporting Files */,
			);
			path = UIElementsTests;
			sourceTree = "<group>";
		};
		3ABB67DF19E681BB006026D0 /* Supporting Files */ = {
			isa = PBXGroup;
			children = (
				3ABB67E019E681BB006026D0 /* UIElementsTests-Info.plist */,
				3ABB67E119E681BB006026D0 /* InfoPlist.strings */,
			);
			name = "Supporting Files";
			sourceTree = "<group>";
		};
/* End PBXGroup section */

/* Begin PBXNativeTarget section */
		3ABB67BB19E681BB006026D0 /* UIElements */ = {
			isa = PBXNativeTarget;
			buildConfigurationList = 3ABB67E819E681BB006026D0 /* Build configuration list for PBXNativeTarget "UIElements" */;
			buildPhases = (
				3ABB67B819E681BB006026D0 /* Sources */,
				3ABB67B919E681BB006026D0 /* Frameworks */,
				3ABB67BA19E681BB006026D0 /* Resources */,
			);
			buildRules = (
			);
			dependencies = (
			);
			name = UIElements;
			productName = UIElements;
			productReference = 3ABB67BC19E681BB006026D0 /* UIElements.app */;
			productType = "com.apple.product-type.application";
		};
		3ABB67D619E681BB006026D0 /* UIElementsTests */ = {
			isa = PBXNativeTarget;
			buildConfigurationList = 3ABB67EB19E681BB006026D0 /* Build configuration list for PBXNativeTarget "UIElementsTests" */;
			buildPhases = (
				3ABB67D319E681BB006026D0 /* Sources */,
				3ABB67D419E681BB006026D0 /* Frameworks */,
				3ABB67D519E681BB006026D0 /* Resources */,
			);
			buildRules = (
			);
			dependencies = (
				3ABB67DD19E681BB006026D0 /* PBXTargetDependency */,
			);
			name = UIElementsTests;
			productName = UIElementsTests;
			productReference = 3ABB67D719E681BB006026D0 /* UIElementsTests.xctest */;
			productType = "com.apple.product-type.bundle.unit-test";
		};
/* End PBXNativeTarget section */

/* Begin PBXProject section */
		3ABB67B419E681BB006026D0 /* Project object */ = {
			isa = PBXProject;
			attributes = {
				LastUpgradeCheck = 0510;
				ORGANIZATIONNAME = "Klab Cyscorpions";
				TargetAttributes = {
					3ABB67D619E681BB006026D0 = {
						TestTargetID = 3ABB67BB19E681BB006026D0;
					};
				};
			};
			buildConfigurationList = 3ABB67B719E681BB006026D0 /* Build configuration list for PBXProject "UIElements" */;
			compatibilityVersion = "Xcode 3.2";
			developmentRegion = English;
			hasScannedForEncodings = 0;
			knownRegions = (
				en,
			);
			mainGroup = 3ABB67B319E681BB006026D0;
			productRefGroup = 3ABB67BD19E681BB006026D0 /* Products */;
			projectDirPath = "";
			projectRoot = "";
			targets = (
				3ABB67BB19E681BB006026D0 /* UIElements */,
				3ABB67D619E681BB006026D0 /* UIElementsTests */,
			);
		};
/* End PBXProject section */

/* Begin PBXResourcesBuildPhase section */
		3ABB67BA19E681BB006026D0 /* Resources */ = {
			isa = PBXResourcesBuildPhase;
			buildActionMask = 2147483647;
			files = (
				3ABB67CA19E681BB006026D0 /* InfoPlist.strings in Resources */,
				3ABB67D219E681BB006026D0 /* Images.xcassets in Resources */,
			);
			runOnlyForDeploymentPostprocessing = 0;
		};
		3ABB67D519E681BB006026D0 /* Resources */ = {
			isa = PBXResourcesBuildPhase;
			buildActionMask = 2147483647;
			files = (
				3ABB67E319E681BB006026D0 /* InfoPlist.strings in Resources */,
			);
			runOnlyForDeploymentPostprocessing = 0;
		};
/* End PBXResourcesBuildPhase section */

/* Begin PBXSourcesBuildPhase section */
		3ABB67B819E681BB006026D0 /* Sources */ = {
			isa = PBXSourcesBuildPhase;
			buildActionMask = 2147483647;
			files = (
				3ABB67D019E681BB006026D0 /* AppDelegate.m in Sources */,
				3ABB67CC19E681BB006026D0 /* main.m in Sources */,
			);
			runOnlyForDeploymentPostprocessing = 0;
		};
		3ABB67D319E681BB006026D0 /* Sources */ = {
			isa = PBXSourcesBuildPhase;
			buildActionMask = 2147483647;
			files = (
				3ABB67E519E681BB006026D0 /* UIElementsTests.m in Sources */,
			);
			runOnlyForDeploymentPostprocessing = 0;
		};
/* End PBXSourcesBuildPhase section */

/* Begin PBXTargetDependency section */
		3ABB67DD19E681BB006026D0 /* PBXTargetDependency */ = {
			isa = PBXTargetDependency;
			target = 3ABB67BB19E681BB006026D0 /* UIElements */;
			targetProxy = 3ABB67DC19E681BB006026D0 /* PBXContainerItemProxy */;
		};
/* End PBXTargetDependency section */

/* Begin PBXVariantGroup section */
		3ABB67C819E681BB006026D0 /* InfoPlist.strings */ = {
			isa = PBXVariantGroup;
			children = (
				3ABB67C919E681BB006026D0 /* en */,
			);
			name = InfoPlist.strings;
			sourceTree = "<group>";
		};
		3ABB67E119E681BB006026D0 /* InfoPlist.strings */ = {
			isa = PBXVariantGroup;
			children = (
				3ABB67E219E681BB006026D0 /* en */,
			);
			name = InfoPlist.strings;
			sourceTree = "<group>";
		};
/* End PBXVariantGroup section */

/* Begin XCBuildConfiguration section */
		3ABB67E619E681BB006026D0 /* Debug */ = {
			isa = XCBuildConfiguration;
			buildSettings = {
				ALWAYS_SEARCH_USER_PATHS = NO;
				CLANG_CXX_LANGUAGE_STANDARD = "gnu++0x";
				CLANG_CXX_LIBRARY = "libc++";
				CLANG_ENABLE_MODULES = YES;
				CLANG_ENABLE_OBJC_ARC = YES;
				CLANG_WARN_BOOL_CONVERSION = YES;
				CLANG_WARN_CONSTANT_CONVERSION = YES;
				CLANG_WARN_DIRECT_OBJC_ISA_USAGE = YES_ERROR;
				CLANG_WARN_EMPTY_BODY = YES;
				CLANG_WARN_ENUM_CONVERSION = YES;
				CLANG_WARN_INT_CONVERSION = YES;
				CLANG_WARN_OBJC_ROOT_CLASS = YES_ERROR;
				CLANG_WARN__DUPLICATE_METHOD_MATCH = YES;
				"CODE_SIGN_IDENTITY[sdk=iphoneos*]" = "iPhone Developer";
				COPY_PHASE_STRIP = NO;
				GCC_C_LANGUAGE_STANDARD = gnu99;
				GCC_DYNAMIC_NO_PIC = NO;
				GCC_OPTIMIZATION_LEVEL = 0;
				GCC_PREPROCESSOR_DEFINITIONS = (
					"DEBUG=1",
					"$(inherited)",
				);
				GCC_SYMBOLS_PRIVATE_EXTERN = NO;
				GCC_WARN_64_TO_32_BIT_CONVERSION = YES;
				GCC_WARN_ABOUT_RETURN_TYPE = YES_ERROR;
				GCC_WARN_UNDECLARED_SELECTOR = YES;
				GCC_WARN_UNINITIALIZED_AUTOS = YES_AGGRESSIVE;
				GCC_WARN_UNUSED_FUNCTION = YES;
				GCC_WARN_UNUSED_VARIABLE = YES;
				IPHONEOS_DEPLOYMENT_TARGET = 7.1;
				ONLY_ACTIVE_ARCH = YES;
				SDKROOT = iphoneos;
			};
			name = Debug;
		};
		3ABB67E719E681BB006026D0 /* Release */ = {
			isa = XCBuildConfiguration;
			buildSettings = {
				ALWAYS_SEARCH_USER_PATHS = NO;
				CLANG_CXX_LANGUAGE_STANDARD = "gnu++0x";
				CLANG_CXX_LIBRARY = "libc++";
				CLANG_ENABLE_MODULES = YES;
				CLANG_ENABLE_OBJC_ARC = YES;
				CLANG_WARN_BOOL_CONVERSION = YES;
				CLANG_WARN_CONSTANT_CONVERSION = YES;
				CLANG_WARN_DIRECT_OBJC_ISA_USAGE = YES_ERROR;
				CLANG_WARN_EMPTY_BODY = YES;
				CLANG_WARN_ENUM_CONVERSION = YES;
				CLANG_WARN_INT_CONVERSION = YES;
				CLANG_WARN_OBJC_ROOT_CLASS = YES_ERROR;
				CLANG_WARN__DUPLICATE_METHOD_MATCH = YES;
				"CODE_SIGN_IDENTITY[sdk=iphoneos*]" = "iPhone Developer";
				COPY_PHASE_STRIP = YES;
				ENABLE_NS_ASSERTIONS = NO;
				GCC_C_LANGUAGE_STANDARD = gnu99;
				GCC_WARN_64_TO_32_BIT_CONVERSION = YES;
				GCC_WARN_ABOUT_RETURN_TYPE = YES_ERROR;
				GCC_WARN_UNDECLARED_SELECTOR = YES;
				GCC_WARN_UNINITIALIZED_AUTOS = YES_AGGRESSIVE;
				GCC_WARN_UNUSED_FUNCTION = YES;
				GCC_WARN_UNUSED_VARIABLE = YES;
				IPHONEOS_DEPLOYMENT_TARGET = 7.1;
				SDKROOT = iphoneos;
				VALIDATE_PRODUCT = YES;
			};
			name = Release;
		};
		3ABB67E919E681BB006026D0 /* Debug */ = {
			isa = XCBuildConfiguration;
			buildSettings = {
				ASSETCATALOG_COMPILER_APPICON_NAME = AppIcon;
				ASSETCATALOG_COMPILER_LAUNCHIMAGE_NAME = LaunchImage;
				GCC_PRECOMPILE_PREFIX_HEADER = YES;
				GCC_PREFIX_HEADER = "UIElements/UIElements-Prefix.pch";
				INFOPLIST_FILE = "UIElements/UIElements-Info.plist";
				PRODUCT_NAME = "$(TARGET_NAME)";
				WRAPPER_EXTENSION = app;
			};
			name = Debug;
		};
		3ABB67EA19E681BB006026D0 /* Release */ = {
			isa = XCBuildConfiguration;
			buildSettings = {
				ASSETCATALOG_COMPILER_APPICON_NAME = AppIcon;
				ASSETCATALOG_COMPILER_LAUNCHIMAGE_NAME = LaunchImage;
				GCC_PRECOMPILE_PREFIX_HEADER = YES;
				GCC_PREFIX_HEADER = "UIElements/UIElements-Prefix.pch";
				INFOPLIST_FILE = "UIElements/UIElements-Info.plist";
				PRODUCT_NAME = "$(TARGET_NAME)";
				WRAPPER_EXTENSION = app;
			};
			name = Release;
		};
		3ABB67EC19E681BB006026D0 /* Debug */ = {
			isa = XCBuildConfiguration;
			buildSettings = {
				BUNDLE_LOADER = "$(BUILT_PRODUCTS_DIR)/UIElements.app/UIElements";
				FRAMEWORK_SEARCH_PATHS = (
					"$(SDKROOT)/Developer/Library/Frameworks",
					"$(inherited)",
					"$(DEVELOPER_FRAMEWORKS_DIR)",
				);
				GCC_PRECOMPILE_PREFIX_HEADER = YES;
				GCC_PREFIX_HEADER = "UIElements/UIElements-Prefix.pch";
				GCC_PREPROCESSOR_DEFINITIONS = (
					"DEBUG=1",
					"$(inherited)",
				);
				INFOPLIST_FILE = "UIElementsTests/UIElementsTests-Info.plist";
				PRODUCT_NAME = "$(TARGET_NAME)";
				TEST_HOST = "$(BUNDLE_LOADER)";
				WRAPPER_EXTENSION = xctest;
			};
			name = Debug;
		};
		3ABB67ED19E681BB006026D0 /* Release */ = {
			isa = XCBuildConfiguration;
			buildSettings = {
				BUNDLE_LOADER = "$(BUILT_PRODUCTS_DIR)/UIElements.app/UIElements";
				FRAMEWORK_SEARCH_PATHS = (
					"$(SDKROOT)/Developer/Library/Frameworks",
					"$(inherited)",
					"$(DEVELOPER_FRAMEWORKS_DIR)",
				);
				GCC_PRECOMPILE_PREFIX_HEADER = YES;
				GCC_PREFIX_HEADER = "UIElements/UIElements-Prefix.pch";
				INFOPLIST_FILE = "UIElementsTests/UIElementsTests-Info.plist";
				PRODUCT_NAME = "$(TARGET_NAME)";
				TEST_HOST = "$(BUNDLE_LOADER)";
				WRAPPER_EXTENSION = xctest;
			};
			name = Release;
		};
/* End XCBuildConfiguration section */

/* Begin XCConfigurationList section */
		3ABB67B719E681BB006026D0 /* Build configuration list for PBXProject "UIElements" */ = {
			isa = XCConfigurationList;
			buildConfigurations = (
				3ABB67E619E681BB006026D0 /* Debug */,
				3ABB67E719E681BB006026D0 /* Release */,
			);
			defaultConfigurationIsVisible = 0;
			defaultConfigurationName = Release;
		};
		3ABB67E819E681BB006026D0 /* Build configuration list for PBXNativeTarget "UIElements" */ = {
			isa = XCConfigurationList;
			buildConfigurations = (
				3ABB67E919E681BB006026D0 /* Debug */,
				3ABB67EA19E681BB006026D0 /* Release */,
			);
			defaultConfigurationIsVisible = 0;
		};
		3ABB67EB19E681BB006026D0 /* Build configuration list for PBXNativeTarget "UIElementsTests" */ = {
			isa = XCConfigurationList;
			buildConfigurations = (
				3ABB67EC19E681BB006026D0 /* Debug */,
				3ABB67ED19E681BB006026D0 /* Release */,
			);
			defaultConfigurationIsVisible = 0;
		};
/* End XCConfigurationList section */
	};
	rootObject = 3ABB67B419E681BB006026D0 /* Project object */;
}
